<Solution>
  <Folder Name="/src/">
    <Project Path="src/BlazorAdmin/BlazorAdmin.csproj" />
    <Project Path="src/Core/Core.csproj" />
    <Project Path="src/Infrastructure/Infrastructure.csproj" />
    <Project Path="src/PublicApi/PublicApi.csproj" />
    <Project Path="src/Web/Web.csproj" />
  </Folder>
</Solution>
